{
  "name": "pi-ollama-cloud-package",
  "version": "1.0.0",
  "lockfileVersion": 3,
  "requires": true,
  "packages": {
    "": {
      "name": "pi-ollama-cloud-package",
      "version": "1.0.0",
      "bundleDependencies": [
        "pi-ollama-cloud",
        "@sinclair/typebox"
      ],
      "dependencies": {
        "@sinclair/typebox": "0.34.52",
        "pi-ollama-cloud": "0.12.1"
      }
    },
    "node_modules/@sinclair/typebox": {
      "version": "0.34.52",
      "resolved": "https://registry.npmjs.org/@sinclair/typebox/-/typebox-0.34.52.tgz",
      "integrity": "sha512-XiMQh7qqVlxZzcVD+kkGMNGMzcTrDMLWI7S4x7z1MkCkbDPrekpZXEUK0eZqZFMuHQg2a2DZOcDIh9o5v3Gonw==",
      "inBundle": true,
      "license": "MIT"
    },
    "node_modules/pi-ollama-cloud": {
      "version": "0.12.1",
      "resolved": "https://registry.npmjs.org/pi-ollama-cloud/-/pi-ollama-cloud-0.12.1.tgz",
      "integrity": "sha512-w1YSU/bo868ju7HUvwb2vXBUUR8Nir0o/5Y5oPz7emVlCGCwLC6ByDu0nRLFXt4eweSDS4nMyQ/MCTgsEL9MNw==",
      "inBundle": true,
      "peerDependencies": {
        "@earendil-works/pi-ai": "*",
        "@earendil-works/pi-coding-agent": "*",
        "@earendil-works/pi-tui": "*",
        "@sinclair/typebox": "*"
      }
    }
  }
}
