{
  "name": "pi-vim-package",
  "version": "1.0.0",
  "lockfileVersion": 3,
  "requires": true,
  "packages": {
    "": {
      "name": "pi-vim-package",
      "version": "1.0.0",
      "bundleDependencies": [
        "pi-vim"
      ],
      "dependencies": {
        "pi-vim": "0.14.2"
      }
    },
    "node_modules/pi-vim": {
      "version": "0.14.2",
      "resolved": "https://registry.npmjs.org/pi-vim/-/pi-vim-0.14.2.tgz",
      "integrity": "sha512-CFSKJvOCNToueIMyBgsujT+gHa4sAlLOnT4VYZ6iCGKJ7M24eCVWFKKnnMt6tmP1rDE6T7k/AqBrb6LWzCzRaQ==",
      "inBundle": true,
      "license": "MIT",
      "peerDependencies": {
        "@earendil-works/pi-coding-agent": "*",
        "@earendil-works/pi-tui": ">=0.74.0"
      }
    }
  }
}
