{
  "name": "pi-vim-package",
  "version": "1.0.0",
  "lockfileVersion": 3,
  "requires": true,
  "packages": {
    "": {
      "name": "pi-vim-package",
      "version": "1.0.0",
      "bundleDependencies": [
        "pi-vim"
      ],
      "dependencies": {
        "pi-vim": "0.14.1"
      }
    },
    "node_modules/pi-vim": {
      "version": "0.14.1",
      "resolved": "https://registry.npmjs.org/pi-vim/-/pi-vim-0.14.1.tgz",
      "integrity": "sha512-m8/j84pGlu01b6aucqgDQQQcS4kU+B0ws6/LIKB/HMWb43xVFXLqdZN06Op5OhBm+9aDDUkzFfFp3ErrtwLNRQ==",
      "inBundle": true,
      "license": "MIT",
      "peerDependencies": {
        "@earendil-works/pi-coding-agent": "*",
        "@earendil-works/pi-tui": ">=0.74.0"
      }
    }
  }
}
