{
  "name": "pi-zentui-package",
  "version": "1.0.0",
  "lockfileVersion": 3,
  "requires": true,
  "packages": {
    "": {
      "name": "pi-zentui-package",
      "version": "1.0.0",
      "bundleDependencies": [
        "pi-zentui"
      ],
      "dependencies": {
        "pi-zentui": "https://github.com/matifuentes2/pi-zentui/archive/81b6a28b8a812b3e57f6bf8739a840ab7071d259.tar.gz"
      }
    },
    "node_modules/pi-zentui": {
      "version": "0.17.0",
      "resolved": "https://github.com/matifuentes2/pi-zentui/archive/81b6a28b8a812b3e57f6bf8739a840ab7071d259.tar.gz",
      "integrity": "sha512-qd41+Bg5OGnNq0z6gZ7xjBB3Gsj7d5WfLk4BDqQrYgEinwz1IDfA1PYKd0t5lyT2T5wdLCXSg0t/MgD842wRzg==",
      "inBundle": true,
      "license": "MIT",
      "peerDependencies": {
        "@earendil-works/pi-ai": ">=0.80.3",
        "@earendil-works/pi-coding-agent": ">=0.80.3",
        "@earendil-works/pi-tui": ">=0.80.3"
      }
    }
  }
}
